dependencies:
- name: kube-prometheus-stack
  repository: https://prometheus-community.github.io/helm-charts
  version: 75.15.0
- name: loki
  repository: https://grafana.github.io/helm-charts
  version: 6.33.0
- name: promtail
  repository: https://grafana.github.io/helm-charts
  version: 6.17.0
- name: external-secrets
  repository: https://charts.external-secrets.io
  version: 0.18.2
digest: sha256:30214658b6528f1c623be2287327f2a36f751b0f3bf4ac6b0f1d5420819a2e3e
generated: "2025-07-26T02:49:13.923606915-03:00"
